
Microsoft Visual Studio Solution File, Format Version 12.00
# Visual Studio 2013
VisualStudioVersion = 12.0.30501.0
MinimumVisualStudioVersion = 10.0.40219.1
Project("{FAE04EC0-301F-11D3-BF4B-00C04F79EFBC}") = "01.JS-Development-Intro-Homework", "01.JS-Development-Intro-Homework\01.JS-Development-Intro-Homework.csproj", "{8DB04169-2240-43CE-9D64-0B67EEDE2EC8}"
EndProject
Project("{FAE04EC0-301F-11D3-BF4B-00C04F79EFBC}") = "02.JS-Syntax-Homework", "02.JS-Syntax-Homework\02.JS-Syntax-Homework.csproj", "{D8A6CB90-9905-4A82-841D-7B47561BBE91}"
EndProject
Global
	GlobalSection(SolutionConfigurationPlatforms) = preSolution
		Debug|Any CPU = Debug|Any CPU
		Release|Any CPU = Release|Any CPU
	EndGlobalSection
	GlobalSection(ProjectConfigurationPlatforms) = postSolution
		{8DB04169-2240-43CE-9D64-0B67EEDE2EC8}.Debug|Any CPU.ActiveCfg = Debug|Any CPU
		{8DB04169-2240-43CE-9D64-0B67EEDE2EC8}.Debug|Any CPU.Build.0 = Debug|Any CPU
		{8DB04169-2240-43CE-9D64-0B67EEDE2EC8}.Release|Any CPU.ActiveCfg = Release|Any CPU
		{8DB04169-2240-43CE-9D64-0B67EEDE2EC8}.Release|Any CPU.Build.0 = Release|Any CPU
		{D8A6CB90-9905-4A82-841D-7B47561BBE91}.Debug|Any CPU.ActiveCfg = Debug|Any CPU
		{D8A6CB90-9905-4A82-841D-7B47561BBE91}.Debug|Any CPU.Build.0 = Debug|Any CPU
		{D8A6CB90-9905-4A82-841D-7B47561BBE91}.Release|Any CPU.ActiveCfg = Release|Any CPU
		{D8A6CB90-9905-4A82-841D-7B47561BBE91}.Release|Any CPU.Build.0 = Release|Any CPU
	EndGlobalSection
	GlobalSection(SolutionProperties) = preSolution
		HideSolutionNode = FALSE
	EndGlobalSection
EndGlobal
